{
  "lockfileVersion": 1,
  "configVersion": 1,
  "workspaces": {
    "": {
      "devDependencies": {
        "knip": "^6.0.1",
      },
    },
  },
  "packages": {
    "@emnapi/core": ["@emnapi/core@1.9.1", "https://registry.npmmirror.com/@emnapi/core/-/core-1.9.1.tgz", { "dependencies": { "@emnapi/wasi-threads": "1.2.0", "tslib": "^2.4.0" } }, "sha512-mukuNALVsoix/w1BJwFzwXBN/dHeejQtuVzcDsfOEsdpCumXb/E9j8w11h5S54tT1xhifGfbbSm/ICrObRb3KA=="],

    "@emnapi/runtime": ["@emnapi/runtime@1.9.1", "https://registry.npmmirror.com/@emnapi/runtime/-/runtime-1.9.1.tgz", { "dependencies": { "tslib": "^2.4.0" } }, "sha512-VYi5+ZVLhpgK4hQ0TAjiQiZ6ol0oe4mBx7mVv7IflsiEp0OWoVsp/+f9Vc1hOhE0TtkORVrI1GvzyreqpgWtkA=="],

    "@emnapi/wasi-threads": ["@emnapi/wasi-threads@1.2.0", "https://registry.npmmirror.com/@emnapi/wasi-threads/-/wasi-threads-1.2.0.tgz", { "dependencies": { "tslib": "^2.4.0" } }, "sha512-N10dEJNSsUx41Z6pZsXU8FjPjpBEplgH24sfkmITrBED1/U2Esum9F3lfLrMjKHHjmi557zQn7kR9R+XWXu5Rg=="],

    "@napi-rs/wasm-runtime": ["@napi-rs/wasm-runtime@1.1.1", "https://registry.npmmirror.com/@napi-rs/wasm-runtime/-/wasm-runtime-1.1.1.tgz", { "dependencies": { "@emnapi/core": "^1.7.1", "@emnapi/runtime": "^1.7.1", "@tybys/wasm-util": "^0.10.1" } }, "sha512-p64ah1M1ld8xjWv3qbvFwHiFVWrq1yFvV4f7w+mzaqiR4IlSgkqhcRdHwsGgomwzBH51sRY4NEowLxnaBjcW/A=="],

    "@nodelib/fs.scandir": ["@nodelib/fs.scandir@2.1.5", "https://registry.npmmirror.com/@nodelib/fs.scandir/-/fs.scandir-2.1.5.tgz", { "dependencies": { "@nodelib/fs.stat": "2.0.5", "run-parallel": "^1.1.9" } }, "sha512-vq24Bq3ym5HEQm2NKCr3yXDwjc7vTsEThRDnkp2DK9p1uqLR+DHurm/NOTo0KG7HYHU7eppKZj3MyqYuMBf62g=="],

    "@nodelib/fs.stat": ["@nodelib/fs.stat@2.0.5", "https://registry.npmmirror.com/@nodelib/fs.stat/-/fs.stat-2.0.5.tgz", {}, "sha512-RkhPPp2zrqDAQA/2jNhnztcPAlv64XdhIp7a7454A5ovI7Bukxgt7MX7udwAu3zg1DcpPU0rz3VV1SeaqvY4+A=="],

    "@nodelib/fs.walk": ["@nodelib/fs.walk@1.2.8", "https://registry.npmmirror.com/@nodelib/fs.walk/-/fs.walk-1.2.8.tgz", { "dependencies": { "@nodelib/fs.scandir": "2.1.5", "fastq": "^1.6.0" } }, "sha512-oGB+UxlgWcgQkgwo8GcEGwemoTFt3FIO9ababBmaGwXIoBKZ+GTy0pP185beGg7Llih/NSHSV2XAs1lnznocSg=="],

    "@oxc-parser/binding-android-arm-eabi": ["@oxc-parser/binding-android-arm-eabi@0.120.0", "https://registry.npmmirror.com/@oxc-parser/binding-android-arm-eabi/-/binding-android-arm-eabi-0.120.0.tgz", { "os": "android", "cpu": "arm" }, "sha512-WU3qtINx802wOl8RxAF1v0VvmC2O4D9M8Sv486nLeQ7iPHVmncYZrtBhB4SYyX+XZxj2PNnCcN+PW21jHgiOxg=="],

    "@oxc-parser/binding-android-arm64": ["@oxc-parser/binding-android-arm64@0.120.0", "https://registry.npmmirror.com/@oxc-parser/binding-android-arm64/-/binding-android-arm64-0.120.0.tgz", { "os": "android", "cpu": "arm64" }, "sha512-SEf80EHdhlbjZEgzeWm0ZA/br4GKMenDW3QB/gtyeTV1gStvvZeFi40ioHDZvds2m4Z9J1bUAUL8yn1/+A6iGg=="],

    "@oxc-parser/binding-darwin-arm64": ["@oxc-parser/binding-darwin-arm64@0.120.0", "https://registry.npmmirror.com/@oxc-parser/binding-darwin-arm64/-/binding-darwin-arm64-0.120.0.tgz", { "os": "darwin", "cpu": "arm64" }, "sha512-xVrrbCai8R8CUIBu3CjryutQnEYhZqs1maIqDvtUCFZb8vY33H7uh9mHpL3a0JBIKoBUKjPH8+rzyAeXnS2d6A=="],

    "@oxc-parser/binding-darwin-x64": ["@oxc-parser/binding-darwin-x64@0.120.0", "https://registry.npmmirror.com/@oxc-parser/binding-darwin-x64/-/binding-darwin-x64-0.120.0.tgz", { "os": "darwin", "cpu": "x64" }, "sha512-xyHBbnJ6mydnQUH7MAcafOkkrNzQC6T+LXgDH/3InEq2BWl/g424IMRiJVSpVqGjB+p2bd0h0WRR8iIwzjU7rw=="],

    "@oxc-parser/binding-freebsd-x64": ["@oxc-parser/binding-freebsd-x64@0.120.0", "https://registry.npmmirror.com/@oxc-parser/binding-freebsd-x64/-/binding-freebsd-x64-0.120.0.tgz", { "os": "freebsd", "cpu": "x64" }, "sha512-UMnVRllquXUYTeNfFKmxTTEdZ/ix1nLl0ducDzMSREoWYGVIHnOOxoKMWlCOvRr9Wk/HZqo2rh1jeumbPGPV9A=="],

    "@oxc-parser/binding-linux-arm-gnueabihf": ["@oxc-parser/binding-linux-arm-gnueabihf@0.120.0", "https://registry.npmmirror.com/@oxc-parser/binding-linux-arm-gnueabihf/-/binding-linux-arm-gnueabihf-0.120.0.tgz", { "os": "linux", "cpu": "arm" }, "sha512-tkvn2CQ7QdcsMnpfiX3fd3wA3EFsWKYlcQzq9cFw/xc89Al7W6Y4O0FgLVkVQpo0Tnq/qtE1XfkJOnRRA9S/NA=="],

    "@oxc-parser/binding-linux-arm-musleabihf": ["@oxc-parser/binding-linux-arm-musleabihf@0.120.0", "https://registry.npmmirror.com/@oxc-parser/binding-linux-arm-musleabihf/-/binding-linux-arm-musleabihf-0.120.0.tgz", { "os": "linux", "cpu": "arm" }, "sha512-WN5y135Ic42gQDk9grbwY9++fDhqf8knN6fnP+0WALlAUh4odY/BDK1nfTJRSfpJD9P3r1BwU0m3pW2DU89whQ=="],

    "@oxc-parser/binding-linux-arm64-gnu": ["@oxc-parser/binding-linux-arm64-gnu@0.120.0", "https://registry.npmmirror.com/@oxc-parser/binding-linux-arm64-gnu/-/binding-linux-arm64-gnu-0.120.0.tgz", { "os": "linux", "cpu": "arm64" }, "sha512-1GgQBCcXvFMw99EPdMy+4NZ3aYyXsxjf9kbUUg8HuAy3ZBXzOry5KfFEzT9nqmgZI1cuetvApkiJBZLAPo8uaw=="],

    "@oxc-parser/binding-linux-arm64-musl": ["@oxc-parser/binding-linux-arm64-musl@0.120.0", "https://registry.npmmirror.com/@oxc-parser/binding-linux-arm64-musl/-/binding-linux-arm64-musl-0.120.0.tgz", { "os": "linux", "cpu": "arm64" }, "sha512-gmMQ70gsPdDBgpcErvJEoWNBr7bJooSLlvOBVBSGfOzlP5NvJ3bFvnUeZZ9d+dPrqSngtonf7nyzWUTUj/U+lw=="],

    "@oxc-parser/binding-linux-ppc64-gnu": ["@oxc-parser/binding-linux-ppc64-gnu@0.120.0", "https://registry.npmmirror.com/@oxc-parser/binding-linux-ppc64-gnu/-/binding-linux-ppc64-gnu-0.120.0.tgz", { "os": "linux", "cpu": "ppc64" }, "sha512-T/kZuU0ajop0xhzVMwH5r3srC9Nqup5HaIo+3uFjIN5uPxa0LvSxC1ZqP4aQGJVW5G0z8/nCkjIfSMS91P/wzw=="],

    "@oxc-parser/binding-linux-riscv64-gnu": ["@oxc-parser/binding-linux-riscv64-gnu@0.120.0", "https://registry.npmmirror.com/@oxc-parser/binding-linux-riscv64-gnu/-/binding-linux-riscv64-gnu-0.120.0.tgz", { "os": "linux", "cpu": "none" }, "sha512-vn21KXLAXzaI3N5CZWlBr1iWeXLl9QFIMor7S1hUjUGTeUuWCoE6JZB040/ZNDwf+JXPX8Ao9KbmJq9FMC2iGw=="],

    "@oxc-parser/binding-linux-riscv64-musl": ["@oxc-parser/binding-linux-riscv64-musl@0.120.0", "https://registry.npmmirror.com/@oxc-parser/binding-linux-riscv64-musl/-/binding-linux-riscv64-musl-0.120.0.tgz", { "os": "linux", "cpu": "none" }, "sha512-SUbUxlar007LTGmSLGIC5x/WJvwhdX+PwNzFJ9f/nOzZOrCFbOT4ikt7pJIRg1tXVsEfzk5mWpGO1NFiSs4PIw=="],

    "@oxc-parser/binding-linux-s390x-gnu": ["@oxc-parser/binding-linux-s390x-gnu@0.120.0", "https://registry.npmmirror.com/@oxc-parser/binding-linux-s390x-gnu/-/binding-linux-s390x-gnu-0.120.0.tgz", { "os": "linux", "cpu": "s390x" }, "sha512-hYiPJTxyfJY2+lMBFk3p2bo0R9GN+TtpPFlRqVchL1qvLG+pznstramHNvJlw9AjaoRUHwp9IKR7UZQnRPGjgQ=="],

    "@oxc-parser/binding-linux-x64-gnu": ["@oxc-parser/binding-linux-x64-gnu@0.120.0", "https://registry.npmmirror.com/@oxc-parser/binding-linux-x64-gnu/-/binding-linux-x64-gnu-0.120.0.tgz", { "os": "linux", "cpu": "x64" }, "sha512-q+5jSVZkprJCIy3dzJpApat0InJaoxQLsJuD6DkX8hrUS61z2lHQ1Fe9L2+TYbKHXCLWbL0zXe7ovkIdopBGMQ=="],

    "@oxc-parser/binding-linux-x64-musl": ["@oxc-parser/binding-linux-x64-musl@0.120.0", "https://registry.npmmirror.com/@oxc-parser/binding-linux-x64-musl/-/binding-linux-x64-musl-0.120.0.tgz", { "os": "linux", "cpu": "x64" }, "sha512-D9QDDZNnH24e7X4ftSa6ar/2hCavETfW3uk0zgcMIrZNy459O5deTbWrjGzZiVrSWigGtlQwzs2McBP0QsfV1w=="],

    "@oxc-parser/binding-openharmony-arm64": ["@oxc-parser/binding-openharmony-arm64@0.120.0", "https://registry.npmmirror.com/@oxc-parser/binding-openharmony-arm64/-/binding-openharmony-arm64-0.120.0.tgz", { "os": "none", "cpu": "arm64" }, "sha512-TBU8ZwOUWAOUWVfmI16CYWbvh4uQb9zHnGBHsw5Cp2JUVG044OIY1CSHODLifqzQIMTXvDvLzcL89GGdUIqNrA=="],

    "@oxc-parser/binding-wasm32-wasi": ["@oxc-parser/binding-wasm32-wasi@0.120.0", "https://registry.npmmirror.com/@oxc-parser/binding-wasm32-wasi/-/binding-wasm32-wasi-0.120.0.tgz", { "dependencies": { "@napi-rs/wasm-runtime": "^1.1.1" }, "cpu": "none" }, "sha512-WG/FOZgDJCpJnuF3ToG/K28rcOmSY7FmFmfBKYb2fmLyhDzPpUldFGV7/Fz4ru0Iz/v4KPmf8xVgO8N3lO4KHA=="],

    "@oxc-parser/binding-win32-arm64-msvc": ["@oxc-parser/binding-win32-arm64-msvc@0.120.0", "https://registry.npmmirror.com/@oxc-parser/binding-win32-arm64-msvc/-/binding-win32-arm64-msvc-0.120.0.tgz", { "os": "win32", "cpu": "arm64" }, "sha512-1T0HKGcsz/BKo77t7+89L8Qvu4f9DoleKWHp3C5sJEcbCjDOLx3m9m722bWZTY+hANlUEs+yjlK+lBFsA+vrVQ=="],

    "@oxc-parser/binding-win32-ia32-msvc": ["@oxc-parser/binding-win32-ia32-msvc@0.120.0", "https://registry.npmmirror.com/@oxc-parser/binding-win32-ia32-msvc/-/binding-win32-ia32-msvc-0.120.0.tgz", { "os": "win32", "cpu": "ia32" }, "sha512-L7vfLzbOXsjBXV0rv/6Y3Jd9BRjPeCivINZAqrSyAOZN3moCopDN+Psq9ZrGNZtJzP8946MtlRFZ0Als0wBCOw=="],

    "@oxc-parser/binding-win32-x64-msvc": ["@oxc-parser/binding-win32-x64-msvc@0.120.0", "https://registry.npmmirror.com/@oxc-parser/binding-win32-x64-msvc/-/binding-win32-x64-msvc-0.120.0.tgz", { "os": "win32", "cpu": "x64" }, "sha512-ys+upfqNtSu58huAhJMBKl3XCkGzyVFBlMlGPzHeFKgpFF/OdgNs1MMf8oaJIbgMH8ZxgGF7qfue39eJohmKIg=="],

    "@oxc-project/types": ["@oxc-project/types@0.120.0", "https://registry.npmmirror.com/@oxc-project/types/-/types-0.120.0.tgz", {}, "sha512-k1YNu55DuvAip/MGE1FTsIuU3FUCn6v/ujG9V7Nq5Df/kX2CWb13hhwD0lmJGMGqE+bE1MXvv9SZVnMzEXlWcg=="],

    "@oxc-resolver/binding-android-arm-eabi": ["@oxc-resolver/binding-android-arm-eabi@11.19.1", "https://registry.npmmirror.com/@oxc-resolver/binding-android-arm-eabi/-/binding-android-arm-eabi-11.19.1.tgz", { "os": "android", "cpu": "arm" }, "sha512-aUs47y+xyXHUKlbhqHUjBABjvycq6YSD7bpxSW7vplUmdzAlJ93yXY6ZR0c1o1x5A/QKbENCvs3+NlY8IpIVzg=="],

    "@oxc-resolver/binding-android-arm64": ["@oxc-resolver/binding-android-arm64@11.19.1", "https://registry.npmmirror.com/@oxc-resolver/binding-android-arm64/-/binding-android-arm64-11.19.1.tgz", { "os": "android", "cpu": "arm64" }, "sha512-oolbkRX+m7Pq2LNjr/kKgYeC7bRDMVTWPgxBGMjSpZi/+UskVo4jsMU3MLheZV55jL6c3rNelPl4oD60ggYmqA=="],

    "@oxc-resolver/binding-darwin-arm64": ["@oxc-resolver/binding-darwin-arm64@11.19.1", "https://registry.npmmirror.com/@oxc-resolver/binding-darwin-arm64/-/binding-darwin-arm64-11.19.1.tgz", { "os": "darwin", "cpu": "arm64" }, "sha512-nUC6d2i3R5B12sUW4O646qD5cnMXf2oBGPLIIeaRfU9doJRORAbE2SGv4eW6rMqhD+G7nf2Y8TTJTLiiO3Q/dQ=="],

    "@oxc-resolver/binding-darwin-x64": ["@oxc-resolver/binding-darwin-x64@11.19.1", "https://registry.npmmirror.com/@oxc-resolver/binding-darwin-x64/-/binding-darwin-x64-11.19.1.tgz", { "os": "darwin", "cpu": "x64" }, "sha512-cV50vE5+uAgNcFa3QY1JOeKDSkM/9ReIcc/9wn4TavhW/itkDGrXhw9jaKnkQnGbjJ198Yh5nbX/Gr2mr4Z5jQ=="],

    "@oxc-resolver/binding-freebsd-x64": ["@oxc-resolver/binding-freebsd-x64@11.19.1", "https://registry.npmmirror.com/@oxc-resolver/binding-freebsd-x64/-/binding-freebsd-x64-11.19.1.tgz", { "os": "freebsd", "cpu": "x64" }, "sha512-xZOQiYGFxtk48PBKff+Zwoym7ScPAIVp4c14lfLxizO2LTTTJe5sx9vQNGrBymrf/vatSPNMD4FgsaaRigPkqw=="],

    "@oxc-resolver/binding-linux-arm-gnueabihf": ["@oxc-resolver/binding-linux-arm-gnueabihf@11.19.1", "https://registry.npmmirror.com/@oxc-resolver/binding-linux-arm-gnueabihf/-/binding-linux-arm-gnueabihf-11.19.1.tgz", { "os": "linux", "cpu": "arm" }, "sha512-lXZYWAC6kaGe/ky2su94e9jN9t6M0/6c+GrSlCqL//XO1cxi5lpAhnJYdyrKfm0ZEr/c7RNyAx3P7FSBcBd5+A=="],

    "@oxc-resolver/binding-linux-arm-musleabihf": ["@oxc-resolver/binding-linux-arm-musleabihf@11.19.1", "https://registry.npmmirror.com/@oxc-resolver/binding-linux-arm-musleabihf/-/binding-linux-arm-musleabihf-11.19.1.tgz", { "os": "linux", "cpu": "arm" }, "sha512-veG1kKsuK5+t2IsO9q0DErYVSw2azvCVvWHnfTOS73WE0STdLLB7Q1bB9WR+yHPQM76ASkFyRbogWo1GR1+WbQ=="],

    "@oxc-resolver/binding-linux-arm64-gnu": ["@oxc-resolver/binding-linux-arm64-gnu@11.19.1", "https://registry.npmmirror.com/@oxc-resolver/binding-linux-arm64-gnu/-/binding-linux-arm64-gnu-11.19.1.tgz", { "os": "linux", "cpu": "arm64" }, "sha512-heV2+jmXyYnUrpUXSPugqWDRpnsQcDm2AX4wzTuvgdlZfoNYO0O3W2AVpJYaDn9AG4JdM6Kxom8+foE7/BcSig=="],

    "@oxc-resolver/binding-linux-arm64-musl": ["@oxc-resolver/binding-linux-arm64-musl@11.19.1", "https://registry.npmmirror.com/@oxc-resolver/binding-linux-arm64-musl/-/binding-linux-arm64-musl-11.19.1.tgz", { "os": "linux", "cpu": "arm64" }, "sha512-jvo2Pjs1c9KPxMuMPIeQsgu0mOJF9rEb3y3TdpsrqwxRM+AN6/nDDwv45n5ZrUnQMsdBy5gIabioMKnQfWo9ew=="],

    "@oxc-resolver/binding-linux-ppc64-gnu": ["@oxc-resolver/binding-linux-ppc64-gnu@11.19.1", "https://registry.npmmirror.com/@oxc-resolver/binding-linux-ppc64-gnu/-/binding-linux-ppc64-gnu-11.19.1.tgz", { "os": "linux", "cpu": "ppc64" }, "sha512-vLmdNxWCdN7Uo5suays6A/+ywBby2PWBBPXctWPg5V0+eVuzsJxgAn6MMB4mPlshskYbppjpN2Zg83ArHze9gQ=="],

    "@oxc-resolver/binding-linux-riscv64-gnu": ["@oxc-resolver/binding-linux-riscv64-gnu@11.19.1", "https://registry.npmmirror.com/@oxc-resolver/binding-linux-riscv64-gnu/-/binding-linux-riscv64-gnu-11.19.1.tgz", { "os": "linux", "cpu": "none" }, "sha512-/b+WgR+VTSBxzgOhDO7TlMXC1ufPIMR6Vj1zN+/x+MnyXGW7prTLzU9eW85Aj7Th7CCEG9ArCbTeqxCzFWdg2w=="],

    "@oxc-resolver/binding-linux-riscv64-musl": ["@oxc-resolver/binding-linux-riscv64-musl@11.19.1", "https://registry.npmmirror.com/@oxc-resolver/binding-linux-riscv64-musl/-/binding-linux-riscv64-musl-11.19.1.tgz", { "os": "linux", "cpu": "none" }, "sha512-YlRdeWb9j42p29ROh+h4eg/OQ3dTJlpHSa+84pUM9+p6i3djtPz1q55yLJhgW9XfDch7FN1pQ/Vd6YP+xfRIuw=="],

    "@oxc-resolver/binding-linux-s390x-gnu": ["@oxc-resolver/binding-linux-s390x-gnu@11.19.1", "https://registry.npmmirror.com/@oxc-resolver/binding-linux-s390x-gnu/-/binding-linux-s390x-gnu-11.19.1.tgz", { "os": "linux", "cpu": "s390x" }, "sha512-EDpafVOQWF8/MJynsjOGFThcqhRHy417sRyLfQmeiamJ8qVhSKAn2Dn2VVKUGCjVB9C46VGjhNo7nOPUi1x6uA=="],

    "@oxc-resolver/binding-linux-x64-gnu": ["@oxc-resolver/binding-linux-x64-gnu@11.19.1", "https://registry.npmmirror.com/@oxc-resolver/binding-linux-x64-gnu/-/binding-linux-x64-gnu-11.19.1.tgz", { "os": "linux", "cpu": "x64" }, "sha512-NxjZe+rqWhr+RT8/Ik+5ptA3oz7tUw361Wa5RWQXKnfqwSSHdHyrw6IdcTfYuml9dM856AlKWZIUXDmA9kkiBQ=="],

    "@oxc-resolver/binding-linux-x64-musl": ["@oxc-resolver/binding-linux-x64-musl@11.19.1", "https://registry.npmmirror.com/@oxc-resolver/binding-linux-x64-musl/-/binding-linux-x64-musl-11.19.1.tgz", { "os": "linux", "cpu": "x64" }, "sha512-cM/hQwsO3ReJg5kR+SpI69DMfvNCp+A/eVR4b4YClE5bVZwz8rh2Nh05InhwI5HR/9cArbEkzMjcKgTHS6UaNw=="],

    "@oxc-resolver/binding-openharmony-arm64": ["@oxc-resolver/binding-openharmony-arm64@11.19.1", "https://registry.npmmirror.com/@oxc-resolver/binding-openharmony-arm64/-/binding-openharmony-arm64-11.19.1.tgz", { "os": "none", "cpu": "arm64" }, "sha512-QF080IowFB0+9Rh6RcD19bdgh49BpQHUW5TajG1qvWHvmrQznTZZjYlgE2ltLXyKY+qs4F/v5xuX1XS7Is+3qA=="],

    "@oxc-resolver/binding-wasm32-wasi": ["@oxc-resolver/binding-wasm32-wasi@11.19.1", "https://registry.npmmirror.com/@oxc-resolver/binding-wasm32-wasi/-/binding-wasm32-wasi-11.19.1.tgz", { "dependencies": { "@napi-rs/wasm-runtime": "^1.1.1" }, "cpu": "none" }, "sha512-w8UCKhX826cP/ZLokXDS6+milN8y4X7zidsAttEdWlVoamTNf6lhBJldaWr3ukTDiye7s4HRcuPEPOXNC432Vg=="],

    "@oxc-resolver/binding-win32-arm64-msvc": ["@oxc-resolver/binding-win32-arm64-msvc@11.19.1", "https://registry.npmmirror.com/@oxc-resolver/binding-win32-arm64-msvc/-/binding-win32-arm64-msvc-11.19.1.tgz", { "os": "win32", "cpu": "arm64" }, "sha512-nJ4AsUVZrVKwnU/QRdzPCCrO0TrabBqgJ8pJhXITdZGYOV28TIYystV1VFLbQ7DtAcaBHpocT5/ZJnF78YJPtQ=="],

    "@oxc-resolver/binding-win32-ia32-msvc": ["@oxc-resolver/binding-win32-ia32-msvc@11.19.1", "https://registry.npmmirror.com/@oxc-resolver/binding-win32-ia32-msvc/-/binding-win32-ia32-msvc-11.19.1.tgz", { "os": "win32", "cpu": "ia32" }, "sha512-EW+ND5q2Tl+a3pH81l1QbfgbF3HmqgwLfDfVithRFheac8OTcnbXt/JxqD2GbDkb7xYEqy1zNaVFRr3oeG8npA=="],

    "@oxc-resolver/binding-win32-x64-msvc": ["@oxc-resolver/binding-win32-x64-msvc@11.19.1", "https://registry.npmmirror.com/@oxc-resolver/binding-win32-x64-msvc/-/binding-win32-x64-msvc-11.19.1.tgz", { "os": "win32", "cpu": "x64" }, "sha512-6hIU3RQu45B+VNTY4Ru8ppFwjVS/S5qwYyGhBotmjxfEKk41I2DlGtRfGJndZ5+6lneE2pwloqunlOyZuX/XAw=="],

    "@tybys/wasm-util": ["@tybys/wasm-util@0.10.1", "https://registry.npmmirror.com/@tybys/wasm-util/-/wasm-util-0.10.1.tgz", { "dependencies": { "tslib": "^2.4.0" } }, "sha512-9tTaPJLSiejZKx+Bmog4uSubteqTvFrVrURwkmHixBo0G4seD0zUxp98E1DzUBJxLQ3NPwXrGKDiVjwx/DpPsg=="],

    "braces": ["braces@3.0.3", "https://registry.npmmirror.com/braces/-/braces-3.0.3.tgz", { "dependencies": { "fill-range": "^7.1.1" } }, "sha512-yQbXgO/OSZVD2IsiLlro+7Hf6Q18EJrKSEsdoMzKePKXct3gvD8oLcOQdIzGupr5Fj+EDe8gO/lxc1BzfMpxvA=="],

    "fast-glob": ["fast-glob@3.3.3", "https://registry.npmmirror.com/fast-glob/-/fast-glob-3.3.3.tgz", { "dependencies": { "@nodelib/fs.stat": "^2.0.2", "@nodelib/fs.walk": "^1.2.3", "glob-parent": "^5.1.2", "merge2": "^1.3.0", "micromatch": "^4.0.8" } }, "sha512-7MptL8U0cqcFdzIzwOTHoilX9x5BrNqye7Z/LuC7kCMRio1EMSyqRK3BEAUD7sXRq4iT4AzTVuZdhgQ2TCvYLg=="],

    "fastq": ["fastq@1.20.1", "https://registry.npmmirror.com/fastq/-/fastq-1.20.1.tgz", { "dependencies": { "reusify": "^1.0.4" } }, "sha512-GGToxJ/w1x32s/D2EKND7kTil4n8OVk/9mycTc4VDza13lOvpUZTGX3mFSCtV9ksdGBVzvsyAVLM6mHFThxXxw=="],

    "fd-package-json": ["fd-package-json@2.0.0", "https://registry.npmmirror.com/fd-package-json/-/fd-package-json-2.0.0.tgz", { "dependencies": { "walk-up-path": "^4.0.0" } }, "sha512-jKmm9YtsNXN789RS/0mSzOC1NUq9mkVd65vbSSVsKdjGvYXBuE4oWe2QOEoFeRmJg+lPuZxpmrfFclNhoRMneQ=="],

    "fill-range": ["fill-range@7.1.1", "https://registry.npmmirror.com/fill-range/-/fill-range-7.1.1.tgz", { "dependencies": { "to-regex-range": "^5.0.1" } }, "sha512-YsGpe3WHLK8ZYi4tWDg2Jy3ebRz2rXowDxnld4bkQB00cc/1Zw9AWnC0i9ztDJitivtQvaI9KaLyKrc+hBW0yg=="],

    "formatly": ["formatly@0.3.0", "https://registry.npmmirror.com/formatly/-/formatly-0.3.0.tgz", { "dependencies": { "fd-package-json": "^2.0.0" }, "bin": { "formatly": "bin/index.mjs" } }, "sha512-9XNj/o4wrRFyhSMJOvsuyMwy8aUfBaZ1VrqHVfohyXf0Sw0e+yfKG+xZaY3arGCOMdwFsqObtzVOc1gU9KiT9w=="],

    "get-tsconfig": ["get-tsconfig@4.13.6", "https://registry.npmmirror.com/get-tsconfig/-/get-tsconfig-4.13.6.tgz", { "dependencies": { "resolve-pkg-maps": "^1.0.0" } }, "sha512-shZT/QMiSHc/YBLxxOkMtgSid5HFoauqCE3/exfsEcwg1WkeqjG+V40yBbBrsD+jW2HDXcs28xOfcbm2jI8Ddw=="],

    "glob-parent": ["glob-parent@5.1.2", "https://registry.npmmirror.com/glob-parent/-/glob-parent-5.1.2.tgz", { "dependencies": { "is-glob": "^4.0.1" } }, "sha512-AOIgSQCepiJYwP3ARnGx+5VnTu2HBYdzbGP45eLw1vr3zB3vZLeyed1sC9hnbcOc9/SrMyM5RPQrkGz4aS9Zow=="],

    "is-extglob": ["is-extglob@2.1.1", "https://registry.npmmirror.com/is-extglob/-/is-extglob-2.1.1.tgz", {}, "sha512-SbKbANkN603Vi4jEZv49LeVJMn4yGwsbzZworEoyEiutsN3nJYdbO36zfhGJ6QEDpOZIFkDtnq5JRxmvl3jsoQ=="],

    "is-glob": ["is-glob@4.0.3", "https://registry.npmmirror.com/is-glob/-/is-glob-4.0.3.tgz", { "dependencies": { "is-extglob": "^2.1.1" } }, "sha512-xelSayHH36ZgE7ZWhli7pW34hNbNl8Ojv5KVmkJD4hBdD3th8Tfk9vYasLM+mXWOZhFkgZfxhLSnrwRr4elSSg=="],

    "is-number": ["is-number@7.0.0", "https://registry.npmmirror.com/is-number/-/is-number-7.0.0.tgz", {}, "sha512-41Cifkg6e8TylSpdtTpeLVMqvSBEVzTttHvERD741+pnZ8ANv0004MRL43QKPDlK9cGvNp6NZWZUBlbGXYxxng=="],

    "jiti": ["jiti@2.6.1", "https://registry.npmmirror.com/jiti/-/jiti-2.6.1.tgz", { "bin": { "jiti": "lib/jiti-cli.mjs" } }, "sha512-ekilCSN1jwRvIbgeg/57YFh8qQDNbwDb9xT/qu2DAHbFFZUicIl4ygVaAvzveMhMVr3LnpSKTNnwt8PoOfmKhQ=="],

    "knip": ["knip@6.0.1", "https://registry.npmmirror.com/knip/-/knip-6.0.1.tgz", { "dependencies": { "@nodelib/fs.walk": "^1.2.3", "fast-glob": "^3.3.3", "formatly": "^0.3.0", "get-tsconfig": "4.13.6", "jiti": "^2.6.0", "minimist": "^1.2.8", "oxc-parser": "^0.120.0", "oxc-resolver": "^11.19.1", "picocolors": "^1.1.1", "picomatch": "^4.0.1", "smol-toml": "^1.5.2", "strip-json-comments": "5.0.3", "unbash": "^2.2.0", "yaml": "^2.8.2", "zod": "^4.1.11" }, "bin": { "knip": "bin/knip.js", "knip-bun": "bin/knip-bun.js" } }, "sha512-qk5m+w6IYEqfRG5546DXZJYl5AXsgFfDD6ULaDvkubqNtLye79sokBg3usURrWFjASMeQtvX19TfldU3jHkMNA=="],

    "merge2": ["merge2@1.4.1", "https://registry.npmmirror.com/merge2/-/merge2-1.4.1.tgz", {}, "sha512-8q7VEgMJW4J8tcfVPy8g09NcQwZdbwFEqhe/WZkoIzjn/3TGDwtOCYtXGxA3O8tPzpczCCDgv+P2P5y00ZJOOg=="],

    "micromatch": ["micromatch@4.0.8", "https://registry.npmmirror.com/micromatch/-/micromatch-4.0.8.tgz", { "dependencies": { "braces": "^3.0.3", "picomatch": "^2.3.1" } }, "sha512-PXwfBhYu0hBCPw8Dn0E+WDYb7af3dSLVWKi3HGv84IdF4TyFoC0ysxFd0Goxw7nSv4T/PzEJQxsYsEiFCKo2BA=="],

    "minimist": ["minimist@1.2.8", "https://registry.npmmirror.com/minimist/-/minimist-1.2.8.tgz", {}, "sha512-2yyAR8qBkN3YuheJanUpWC5U3bb5osDywNB8RzDVlDwDHbocAJveqqj1u8+SVD7jkWT4yvsHCpWqqWqAxb0zCA=="],

    "oxc-parser": ["oxc-parser@0.120.0", "https://registry.npmmirror.com/oxc-parser/-/oxc-parser-0.120.0.tgz", { "dependencies": { "@oxc-project/types": "^0.120.0" }, "optionalDependencies": { "@oxc-parser/binding-android-arm-eabi": "0.120.0", "@oxc-parser/binding-android-arm64": "0.120.0", "@oxc-parser/binding-darwin-arm64": "0.120.0", "@oxc-parser/binding-darwin-x64": "0.120.0", "@oxc-parser/binding-freebsd-x64": "0.120.0", "@oxc-parser/binding-linux-arm-gnueabihf": "0.120.0", "@oxc-parser/binding-linux-arm-musleabihf": "0.120.0", "@oxc-parser/binding-linux-arm64-gnu": "0.120.0", "@oxc-parser/binding-linux-arm64-musl": "0.120.0", "@oxc-parser/binding-linux-ppc64-gnu": "0.120.0", "@oxc-parser/binding-linux-riscv64-gnu": "0.120.0", "@oxc-parser/binding-linux-riscv64-musl": "0.120.0", "@oxc-parser/binding-linux-s390x-gnu": "0.120.0", "@oxc-parser/binding-linux-x64-gnu": "0.120.0", "@oxc-parser/binding-linux-x64-musl": "0.120.0", "@oxc-parser/binding-openharmony-arm64": "0.120.0", "@oxc-parser/binding-wasm32-wasi": "0.120.0", "@oxc-parser/binding-win32-arm64-msvc": "0.120.0", "@oxc-parser/binding-win32-ia32-msvc": "0.120.0", "@oxc-parser/binding-win32-x64-msvc": "0.120.0" } }, "sha512-WyPWZlcIm+Fkte63FGfgFB8mAAk33aH9h5N9lphXVOHSXEBFFsmYdOBedVKly363aWABjZdaj/m9lBfEY4wt+w=="],

    "oxc-resolver": ["oxc-resolver@11.19.1", "https://registry.npmmirror.com/oxc-resolver/-/oxc-resolver-11.19.1.tgz", { "optionalDependencies": { "@oxc-resolver/binding-android-arm-eabi": "11.19.1", "@oxc-resolver/binding-android-arm64": "11.19.1", "@oxc-resolver/binding-darwin-arm64": "11.19.1", "@oxc-resolver/binding-darwin-x64": "11.19.1", "@oxc-resolver/binding-freebsd-x64": "11.19.1", "@oxc-resolver/binding-linux-arm-gnueabihf": "11.19.1", "@oxc-resolver/binding-linux-arm-musleabihf": "11.19.1", "@oxc-resolver/binding-linux-arm64-gnu": "11.19.1", "@oxc-resolver/binding-linux-arm64-musl": "11.19.1", "@oxc-resolver/binding-linux-ppc64-gnu": "11.19.1", "@oxc-resolver/binding-linux-riscv64-gnu": "11.19.1", "@oxc-resolver/binding-linux-riscv64-musl": "11.19.1", "@oxc-resolver/binding-linux-s390x-gnu": "11.19.1", "@oxc-resolver/binding-linux-x64-gnu": "11.19.1", "@oxc-resolver/binding-linux-x64-musl": "11.19.1", "@oxc-resolver/binding-openharmony-arm64": "11.19.1", "@oxc-resolver/binding-wasm32-wasi": "11.19.1", "@oxc-resolver/binding-win32-arm64-msvc": "11.19.1", "@oxc-resolver/binding-win32-ia32-msvc": "11.19.1", "@oxc-resolver/binding-win32-x64-msvc": "11.19.1" } }, "sha512-qE/CIg/spwrTBFt5aKmwe3ifeDdLfA2NESN30E42X/lII5ClF8V7Wt6WIJhcGZjp0/Q+nQ+9vgxGk//xZNX2hg=="],

    "picocolors": ["picocolors@1.1.1", "https://registry.npmmirror.com/picocolors/-/picocolors-1.1.1.tgz", {}, "sha512-xceH2snhtb5M9liqDsmEw56le376mTZkEX/jEb/RxNFyegNul7eNslCXP9FDj/Lcu0X8KEyMceP2ntpaHrDEVA=="],

    "picomatch": ["picomatch@4.0.3", "https://registry.npmmirror.com/picomatch/-/picomatch-4.0.3.tgz", {}, "sha512-5gTmgEY/sqK6gFXLIsQNH19lWb4ebPDLA4SdLP7dsWkIXHWlG66oPuVvXSGFPppYZz8ZDZq0dYYrbHfBCVUb1Q=="],

    "queue-microtask": ["queue-microtask@1.2.3", "https://registry.npmmirror.com/queue-microtask/-/queue-microtask-1.2.3.tgz", {}, "sha512-NuaNSa6flKT5JaSYQzJok04JzTL1CA6aGhv5rfLW3PgqA+M2ChpZQnAC8h8i4ZFkBS8X5RqkDBHA7r4hej3K9A=="],

    "resolve-pkg-maps": ["resolve-pkg-maps@1.0.0", "https://registry.npmmirror.com/resolve-pkg-maps/-/resolve-pkg-maps-1.0.0.tgz", {}, "sha512-seS2Tj26TBVOC2NIc2rOe2y2ZO7efxITtLZcGSOnHHNOQ7CkiUBfw0Iw2ck6xkIhPwLhKNLS8BO+hEpngQlqzw=="],

    "reusify": ["reusify@1.1.0", "https://registry.npmmirror.com/reusify/-/reusify-1.1.0.tgz", {}, "sha512-g6QUff04oZpHs0eG5p83rFLhHeV00ug/Yf9nZM6fLeUrPguBTkTQOdpAWWspMh55TZfVQDPaN3NQJfbVRAxdIw=="],

    "run-parallel": ["run-parallel@1.2.0", "https://registry.npmmirror.com/run-parallel/-/run-parallel-1.2.0.tgz", { "dependencies": { "queue-microtask": "^1.2.2" } }, "sha512-5l4VyZR86LZ/lDxZTR6jqL8AFE2S0IFLMP26AbjsLVADxHdhB/c0GUsH+y39UfCi3dzz8OlQuPmnaJOMoDHQBA=="],

    "smol-toml": ["smol-toml@1.6.0", "https://registry.npmmirror.com/smol-toml/-/smol-toml-1.6.0.tgz", {}, "sha512-4zemZi0HvTnYwLfrpk/CF9LOd9Lt87kAt50GnqhMpyF9U3poDAP2+iukq2bZsO/ufegbYehBkqINbsWxj4l4cw=="],

    "strip-json-comments": ["strip-json-comments@5.0.3", "https://registry.npmmirror.com/strip-json-comments/-/strip-json-comments-5.0.3.tgz", {}, "sha512-1tB5mhVo7U+ETBKNf92xT4hrQa3pm0MZ0PQvuDnWgAAGHDsfp4lPSpiS6psrSiet87wyGPh9ft6wmhOMQ0hDiw=="],

    "to-regex-range": ["to-regex-range@5.0.1", "https://registry.npmmirror.com/to-regex-range/-/to-regex-range-5.0.1.tgz", { "dependencies": { "is-number": "^7.0.0" } }, "sha512-65P7iz6X5yEr1cwcgvQxbbIw7Uk3gOy5dIdtZ4rDveLqhrdJP+Li/Hx6tyK0NEb+2GCyneCMJiGqrADCSNk8sQ=="],

    "tslib": ["tslib@2.8.1", "https://registry.npmmirror.com/tslib/-/tslib-2.8.1.tgz", {}, "sha512-oJFu94HQb+KVduSUQL7wnpmqnfmLsOA/nAh6b6EH0wCEoK0/mPeXU6c3wKDV83MkOuHPRHtSXKKU99IBazS/2w=="],

    "unbash": ["unbash@2.2.0", "https://registry.npmmirror.com/unbash/-/unbash-2.2.0.tgz", {}, "sha512-X2wH19RAPZE3+ldGicOkoj/SIA83OIxcJ6Cuaw23hf8Xc6fQpvZXY0SftE2JgS0QhYLUG4uwodSI3R53keyh7w=="],

    "walk-up-path": ["walk-up-path@4.0.0", "https://registry.npmmirror.com/walk-up-path/-/walk-up-path-4.0.0.tgz", {}, "sha512-3hu+tD8YzSLGuFYtPRb48vdhKMi0KQV5sn+uWr8+7dMEq/2G/dtLrdDinkLjqq5TIbIBjYJ4Ax/n3YiaW7QM8A=="],

    "yaml": ["yaml@2.8.2", "https://registry.npmmirror.com/yaml/-/yaml-2.8.2.tgz", { "bin": { "yaml": "bin.mjs" } }, "sha512-mplynKqc1C2hTVYxd0PU2xQAc22TI1vShAYGksCCfxbn/dFwnHTNi1bvYsBTkhdUNtGIf5xNOg938rrSSYvS9A=="],

    "zod": ["zod@4.3.6", "https://registry.npmmirror.com/zod/-/zod-4.3.6.tgz", {}, "sha512-rftlrkhHZOcjDwkGlnUtZZkvaPHCsDATp4pGpuOOMDaTdDDXF91wuVDJoWoPsKX/3YPQ5fHuF3STjcYyKr+Qhg=="],

    "micromatch/picomatch": ["picomatch@2.3.1", "https://registry.npmmirror.com/picomatch/-/picomatch-2.3.1.tgz", {}, "sha512-JU3teHTNjmE2VCGFzuY8EXzCDVwEqB2a8fsIvwaStHhAWJEeVd1o1QD80CU6+ZdEXXSLbSsuLwJjkCBWqRQUVA=="],
  }
}
